
Microsoft Visual Studio Solution File, Format Version 12.00
# Visual Studio Version 17
VisualStudioVersion = 17.3.32922.545
MinimumVisualStudioVersion = 10.0.40219.1
Project("{FAE04EC0-301F-11D3-BF4B-00C04F79EFBC}") = "RestWoodPallets", "RestWoodPallets\RestWoodPallets.csproj", "{CEC51E0F-26D4-4D92-8504-07518D68D6D5}"
EndProject
Global
	GlobalSection(SolutionConfigurationPlatforms) = preSolution
		Debug|Any CPU = Debug|Any CPU
		Release|Any CPU = Release|Any CPU
	EndGlobalSection
	GlobalSection(ProjectConfigurationPlatforms) = postSolution
		{CEC51E0F-26D4-4D92-8504-07518D68D6D5}.Debug|Any CPU.ActiveCfg = Debug|Any CPU
		{CEC51E0F-26D4-4D92-8504-07518D68D6D5}.Debug|Any CPU.Build.0 = Debug|Any CPU
		{CEC51E0F-26D4-4D92-8504-07518D68D6D5}.Release|Any CPU.ActiveCfg = Release|Any CPU
		{CEC51E0F-26D4-4D92-8504-07518D68D6D5}.Release|Any CPU.Build.0 = Release|Any CPU
	EndGlobalSection
	GlobalSection(SolutionProperties) = preSolution
		HideSolutionNode = FALSE
	EndGlobalSection
	GlobalSection(ExtensibilityGlobals) = postSolution
		SolutionGuid = {ACC561B8-8139-45D4-8F60-AE35D2901EC0}
	EndGlobalSection
EndGlobal
